
Microsoft Visual Studio Solution File, Format Version 12.00
# Visual Studio Version 16
VisualStudioVersion = 16.0.31019.35
MinimumVisualStudioVersion = 10.0.40219.1
Project("{FAE04EC0-301F-11D3-BF4B-00C04F79EFBC}") = "CursoMVC", "CursoMVC\CursoMVC.csproj", "{1BC43718-2153-4B02-92B4-83BC161F5B46}"
EndProject
Global
	GlobalSection(SolutionConfigurationPlatforms) = preSolution
		Debug|Any CPU = Debug|Any CPU
		Release|Any CPU = Release|Any CPU
	EndGlobalSection
	GlobalSection(ProjectConfigurationPlatforms) = postSolution
		{1BC43718-2153-4B02-92B4-83BC161F5B46}.Debug|Any CPU.ActiveCfg = Debug|Any CPU
		{1BC43718-2153-4B02-92B4-83BC161F5B46}.Debug|Any CPU.Build.0 = Debug|Any CPU
		{1BC43718-2153-4B02-92B4-83BC161F5B46}.Release|Any CPU.ActiveCfg = Release|Any CPU
		{1BC43718-2153-4B02-92B4-83BC161F5B46}.Release|Any CPU.Build.0 = Release|Any CPU
	EndGlobalSection
	GlobalSection(SolutionProperties) = preSolution
		HideSolutionNode = FALSE
	EndGlobalSection
	GlobalSection(ExtensibilityGlobals) = postSolution
		SolutionGuid = {7B4F276C-EC6C-4606-90D5-BCF6A8C1976A}
	EndGlobalSection
EndGlobal
